
Microsoft Visual Studio Solution File, Format Version 12.00
# Visual Studio Version 17
VisualStudioVersion = 17.0.31903.59
MinimumVisualStudioVersion = 10.0.40219.1
Project("{2150E333-8FDC-42A3-9474-1A3956D46DE8}") = "src", "src", "{827E0CD3-B72D-47B6-A68D-7590B98EB39B}"
EndProject
Project("{FAE04EC0-301F-11D3-BF4B-00C04F79EFBC}") = "Gmmt.Core", "src\Gmmt.Core\Gmmt.Core.csproj", "{39EB759C-3C27-4979-B1E7-58231FB45586}"
EndProject
Project("{2150E333-8FDC-42A3-9474-1A3956D46DE8}") = "extern", "extern", "{8C8C186C-83DC-ECBC-707A-D920EEBF6757}"
EndProject
Project("{2150E333-8FDC-42A3-9474-1A3956D46DE8}") = "UndertaleModTool", "UndertaleModTool", "{AD4E5C85-67B6-E98C-2299-DC069F1E1AC1}"
EndProject
Project("{FAE04EC0-301F-11D3-BF4B-00C04F79EFBC}") = "UndertaleModLib", "extern\UndertaleModTool\UndertaleModLib\UndertaleModLib.csproj", "{EE9FBB95-F66A-4BF9-806D-EA0D2D1532A7}"
EndProject
Project("{2150E333-8FDC-42A3-9474-1A3956D46DE8}") = "Underanalyzer", "Underanalyzer", "{2A65C4E2-048F-CD86-5BC8-07E0389C9905}"
EndProject
Project("{FAE04EC0-301F-11D3-BF4B-00C04F79EFBC}") = "Underanalyzer", "extern\UndertaleModTool\Underanalyzer\Underanalyzer\Underanalyzer.csproj", "{D634ABC3-68D6-433A-84A8-74170FA91BB6}"
EndProject
Project("{FAE04EC0-301F-11D3-BF4B-00C04F79EFBC}") = "Gmmt.Runtime", "src\Gmmt.Runtime\Gmmt.Runtime.csproj", "{CAA3AE84-7D65-40DB-A342-84DE43B65490}"
EndProject
Project("{FAE04EC0-301F-11D3-BF4B-00C04F79EFBC}") = "Gmmt.Cli", "src\Gmmt.Cli\Gmmt.Cli.csproj", "{7262DC7F-FF67-469F-8F25-BE708540DEB4}"
EndProject
Project("{FAE04EC0-301F-11D3-BF4B-00C04F79EFBC}") = "Gmmt.Desktop", "src\Gmmt.Desktop\Gmmt.Desktop.csproj", "{970F7C07-AC94-47BA-8070-914BEB0C9CFA}"
EndProject
Project("{2150E333-8FDC-42A3-9474-1A3956D46DE8}") = "tests", "tests", "{0AB3BF05-4346-4AA6-1389-037BE0695223}"
EndProject
Project("{FAE04EC0-301F-11D3-BF4B-00C04F79EFBC}") = "Gmmt.Runtime.Tests", "tests\Gmmt.Runtime.Tests\Gmmt.Runtime.Tests.csproj", "{C9DEFB7C-ABAF-4B8B-9B2D-86D19B56A830}"
EndProject
Project("{FAE04EC0-301F-11D3-BF4B-00C04F79EFBC}") = "Gmmt.Desktop.Tests", "tests\Gmmt.Desktop.Tests\Gmmt.Desktop.Tests.csproj", "{965197EC-28C3-421E-8E8F-5F8E4FEE9332}"
EndProject
Global
	GlobalSection(SolutionConfigurationPlatforms) = preSolution
		Debug|Any CPU = Debug|Any CPU
		Debug|x64 = Debug|x64
		Debug|x86 = Debug|x86
		Release|Any CPU = Release|Any CPU
		Release|x64 = Release|x64
		Release|x86 = Release|x86
	EndGlobalSection
	GlobalSection(ProjectConfigurationPlatforms) = postSolution
		{39EB759C-3C27-4979-B1E7-58231FB45586}.Debug|Any CPU.ActiveCfg = Debug|Any CPU
		{39EB759C-3C27-4979-B1E7-58231FB45586}.Debug|Any CPU.Build.0 = Debug|Any CPU
		{39EB759C-3C27-4979-B1E7-58231FB45586}.Debug|x64.ActiveCfg = Debug|Any CPU
		{39EB759C-3C27-4979-B1E7-58231FB45586}.Debug|x64.Build.0 = Debug|Any CPU
		{39EB759C-3C27-4979-B1E7-58231FB45586}.Debug|x86.ActiveCfg = Debug|Any CPU
		{39EB759C-3C27-4979-B1E7-58231FB45586}.Debug|x86.Build.0 = Debug|Any CPU
		{39EB759C-3C27-4979-B1E7-58231FB45586}.Release|Any CPU.ActiveCfg = Release|Any CPU
		{39EB759C-3C27-4979-B1E7-58231FB45586}.Release|Any CPU.Build.0 = Release|Any CPU
		{39EB759C-3C27-4979-B1E7-58231FB45586}.Release|x64.ActiveCfg = Release|Any CPU
		{39EB759C-3C27-4979-B1E7-58231FB45586}.Release|x64.Build.0 = Release|Any CPU
		{39EB759C-3C27-4979-B1E7-58231FB45586}.Release|x86.ActiveCfg = Release|Any CPU
		{39EB759C-3C27-4979-B1E7-58231FB45586}.Release|x86.Build.0 = Release|Any CPU
		{EE9FBB95-F66A-4BF9-806D-EA0D2D1532A7}.Debug|Any CPU.ActiveCfg = Debug|Any CPU
		{EE9FBB95-F66A-4BF9-806D-EA0D2D1532A7}.Debug|Any CPU.Build.0 = Debug|Any CPU
		{EE9FBB95-F66A-4BF9-806D-EA0D2D1532A7}.Debug|x64.ActiveCfg = Debug|x64
		{EE9FBB95-F66A-4BF9-806D-EA0D2D1532A7}.Debug|x64.Build.0 = Debug|x64
		{EE9FBB95-F66A-4BF9-806D-EA0D2D1532A7}.Debug|x86.ActiveCfg = Debug|Any CPU
		{EE9FBB95-F66A-4BF9-806D-EA0D2D1532A7}.Debug|x86.Build.0 = Debug|Any CPU
		{EE9FBB95-F66A-4BF9-806D-EA0D2D1532A7}.Release|Any CPU.ActiveCfg = Release|Any CPU
		{EE9FBB95-F66A-4BF9-806D-EA0D2D1532A7}.Release|Any CPU.Build.0 = Release|Any CPU
		{EE9FBB95-F66A-4BF9-806D-EA0D2D1532A7}.Release|x64.ActiveCfg = Release|x64
		{EE9FBB95-F66A-4BF9-806D-EA0D2D1532A7}.Release|x64.Build.0 = Release|x64
		{EE9FBB95-F66A-4BF9-806D-EA0D2D1532A7}.Release|x86.ActiveCfg = Release|Any CPU
		{EE9FBB95-F66A-4BF9-806D-EA0D2D1532A7}.Release|x86.Build.0 = Release|Any CPU
		{D634ABC3-68D6-433A-84A8-74170FA91BB6}.Debug|Any CPU.ActiveCfg = Debug|Any CPU
		{D634ABC3-68D6-433A-84A8-74170FA91BB6}.Debug|Any CPU.Build.0 = Debug|Any CPU
		{D634ABC3-68D6-433A-84A8-74170FA91BB6}.Debug|x64.ActiveCfg = Debug|Any CPU
		{D634ABC3-68D6-433A-84A8-74170FA91BB6}.Debug|x64.Build.0 = Debug|Any CPU
		{D634ABC3-68D6-433A-84A8-74170FA91BB6}.Debug|x86.ActiveCfg = Debug|Any CPU
		{D634ABC3-68D6-433A-84A8-74170FA91BB6}.Debug|x86.Build.0 = Debug|Any CPU
		{D634ABC3-68D6-433A-84A8-74170FA91BB6}.Release|Any CPU.ActiveCfg = Release|Any CPU
		{D634ABC3-68D6-433A-84A8-74170FA91BB6}.Release|Any CPU.Build.0 = Release|Any CPU
		{D634ABC3-68D6-433A-84A8-74170FA91BB6}.Release|x64.ActiveCfg = Release|Any CPU
		{D634ABC3-68D6-433A-84A8-74170FA91BB6}.Release|x64.Build.0 = Release|Any CPU
		{D634ABC3-68D6-433A-84A8-74170FA91BB6}.Release|x86.ActiveCfg = Release|Any CPU
		{D634ABC3-68D6-433A-84A8-74170FA91BB6}.Release|x86.Build.0 = Release|Any CPU
		{CAA3AE84-7D65-40DB-A342-84DE43B65490}.Debug|Any CPU.ActiveCfg = Debug|Any CPU
		{CAA3AE84-7D65-40DB-A342-84DE43B65490}.Debug|Any CPU.Build.0 = Debug|Any CPU
		{CAA3AE84-7D65-40DB-A342-84DE43B65490}.Debug|x64.ActiveCfg = Debug|Any CPU
		{CAA3AE84-7D65-40DB-A342-84DE43B65490}.Debug|x64.Build.0 = Debug|Any CPU
		{CAA3AE84-7D65-40DB-A342-84DE43B65490}.Debug|x86.ActiveCfg = Debug|Any CPU
		{CAA3AE84-7D65-40DB-A342-84DE43B65490}.Debug|x86.Build.0 = Debug|Any CPU
		{CAA3AE84-7D65-40DB-A342-84DE43B65490}.Release|Any CPU.ActiveCfg = Release|Any CPU
		{CAA3AE84-7D65-40DB-A342-84DE43B65490}.Release|Any CPU.Build.0 = Release|Any CPU
		{CAA3AE84-7D65-40DB-A342-84DE43B65490}.Release|x64.ActiveCfg = Release|Any CPU
		{CAA3AE84-7D65-40DB-A342-84DE43B65490}.Release|x64.Build.0 = Release|Any CPU
		{CAA3AE84-7D65-40DB-A342-84DE43B65490}.Release|x86.ActiveCfg = Release|Any CPU
		{CAA3AE84-7D65-40DB-A342-84DE43B65490}.Release|x86.Build.0 = Release|Any CPU
		{7262DC7F-FF67-469F-8F25-BE708540DEB4}.Debug|Any CPU.ActiveCfg = Debug|Any CPU
		{7262DC7F-FF67-469F-8F25-BE708540DEB4}.Debug|Any CPU.Build.0 = Debug|Any CPU
		{7262DC7F-FF67-469F-8F25-BE708540DEB4}.Debug|x64.ActiveCfg = Debug|Any CPU
		{7262DC7F-FF67-469F-8F25-BE708540DEB4}.Debug|x64.Build.0 = Debug|Any CPU
		{7262DC7F-FF67-469F-8F25-BE708540DEB4}.Debug|x86.ActiveCfg = Debug|Any CPU
		{7262DC7F-FF67-469F-8F25-BE708540DEB4}.Debug|x86.Build.0 = Debug|Any CPU
		{7262DC7F-FF67-469F-8F25-BE708540DEB4}.Release|Any CPU.ActiveCfg = Release|Any CPU
		{7262DC7F-FF67-469F-8F25-BE708540DEB4}.Release|Any CPU.Build.0 = Release|Any CPU
		{7262DC7F-FF67-469F-8F25-BE708540DEB4}.Release|x64.ActiveCfg = Release|Any CPU
		{7262DC7F-FF67-469F-8F25-BE708540DEB4}.Release|x64.Build.0 = Release|Any CPU
		{7262DC7F-FF67-469F-8F25-BE708540DEB4}.Release|x86.ActiveCfg = Release|Any CPU
		{7262DC7F-FF67-469F-8F25-BE708540DEB4}.Release|x86.Build.0 = Release|Any CPU
		{970F7C07-AC94-47BA-8070-914BEB0C9CFA}.Debug|Any CPU.ActiveCfg = Debug|Any CPU
		{970F7C07-AC94-47BA-8070-914BEB0C9CFA}.Debug|Any CPU.Build.0 = Debug|Any CPU
		{970F7C07-AC94-47BA-8070-914BEB0C9CFA}.Debug|x64.ActiveCfg = Debug|Any CPU
		{970F7C07-AC94-47BA-8070-914BEB0C9CFA}.Debug|x64.Build.0 = Debug|Any CPU
		{970F7C07-AC94-47BA-8070-914BEB0C9CFA}.Debug|x86.ActiveCfg = Debug|Any CPU
		{970F7C07-AC94-47BA-8070-914BEB0C9CFA}.Debug|x86.Build.0 = Debug|Any CPU
		{970F7C07-AC94-47BA-8070-914BEB0C9CFA}.Release|Any CPU.ActiveCfg = Release|Any CPU
		{970F7C07-AC94-47BA-8070-914BEB0C9CFA}.Release|Any CPU.Build.0 = Release|Any CPU
		{970F7C07-AC94-47BA-8070-914BEB0C9CFA}.Release|x64.ActiveCfg = Release|Any CPU
		{970F7C07-AC94-47BA-8070-914BEB0C9CFA}.Release|x64.Build.0 = Release|Any CPU
		{970F7C07-AC94-47BA-8070-914BEB0C9CFA}.Release|x86.ActiveCfg = Release|Any CPU
		{970F7C07-AC94-47BA-8070-914BEB0C9CFA}.Release|x86.Build.0 = Release|Any CPU
		{C9DEFB7C-ABAF-4B8B-9B2D-86D19B56A830}.Debug|Any CPU.ActiveCfg = Debug|Any CPU
		{C9DEFB7C-ABAF-4B8B-9B2D-86D19B56A830}.Debug|Any CPU.Build.0 = Debug|Any CPU
		{C9DEFB7C-ABAF-4B8B-9B2D-86D19B56A830}.Debug|x64.ActiveCfg = Debug|Any CPU
		{C9DEFB7C-ABAF-4B8B-9B2D-86D19B56A830}.Debug|x64.Build.0 = Debug|Any CPU
		{C9DEFB7C-ABAF-4B8B-9B2D-86D19B56A830}.Debug|x86.ActiveCfg = Debug|Any CPU
		{C9DEFB7C-ABAF-4B8B-9B2D-86D19B56A830}.Debug|x86.Build.0 = Debug|Any CPU
		{C9DEFB7C-ABAF-4B8B-9B2D-86D19B56A830}.Release|Any CPU.ActiveCfg = Release|Any CPU
		{C9DEFB7C-ABAF-4B8B-9B2D-86D19B56A830}.Release|Any CPU.Build.0 = Release|Any CPU
		{C9DEFB7C-ABAF-4B8B-9B2D-86D19B56A830}.Release|x64.ActiveCfg = Release|Any CPU
		{C9DEFB7C-ABAF-4B8B-9B2D-86D19B56A830}.Release|x64.Build.0 = Release|Any CPU
		{C9DEFB7C-ABAF-4B8B-9B2D-86D19B56A830}.Release|x86.ActiveCfg = Release|Any CPU
		{C9DEFB7C-ABAF-4B8B-9B2D-86D19B56A830}.Release|x86.Build.0 = Release|Any CPU
		{965197EC-28C3-421E-8E8F-5F8E4FEE9332}.Debug|Any CPU.ActiveCfg = Debug|Any CPU
		{965197EC-28C3-421E-8E8F-5F8E4FEE9332}.Debug|Any CPU.Build.0 = Debug|Any CPU
		{965197EC-28C3-421E-8E8F-5F8E4FEE9332}.Debug|x64.ActiveCfg = Debug|Any CPU
		{965197EC-28C3-421E-8E8F-5F8E4FEE9332}.Debug|x64.Build.0 = Debug|Any CPU
		{965197EC-28C3-421E-8E8F-5F8E4FEE9332}.Debug|x86.ActiveCfg = Debug|Any CPU
		{965197EC-28C3-421E-8E8F-5F8E4FEE9332}.Debug|x86.Build.0 = Debug|Any CPU
		{965197EC-28C3-421E-8E8F-5F8E4FEE9332}.Release|Any CPU.ActiveCfg = Release|Any CPU
		{965197EC-28C3-421E-8E8F-5F8E4FEE9332}.Release|Any CPU.Build.0 = Release|Any CPU
		{965197EC-28C3-421E-8E8F-5F8E4FEE9332}.Release|x64.ActiveCfg = Release|Any CPU
		{965197EC-28C3-421E-8E8F-5F8E4FEE9332}.Release|x64.Build.0 = Release|Any CPU
		{965197EC-28C3-421E-8E8F-5F8E4FEE9332}.Release|x86.ActiveCfg = Release|Any CPU
		{965197EC-28C3-421E-8E8F-5F8E4FEE9332}.Release|x86.Build.0 = Release|Any CPU
	EndGlobalSection
	GlobalSection(SolutionProperties) = preSolution
		HideSolutionNode = FALSE
	EndGlobalSection
	GlobalSection(NestedProjects) = preSolution
		{39EB759C-3C27-4979-B1E7-58231FB45586} = {827E0CD3-B72D-47B6-A68D-7590B98EB39B}
		{AD4E5C85-67B6-E98C-2299-DC069F1E1AC1} = {8C8C186C-83DC-ECBC-707A-D920EEBF6757}
		{EE9FBB95-F66A-4BF9-806D-EA0D2D1532A7} = {AD4E5C85-67B6-E98C-2299-DC069F1E1AC1}
		{2A65C4E2-048F-CD86-5BC8-07E0389C9905} = {AD4E5C85-67B6-E98C-2299-DC069F1E1AC1}
		{D634ABC3-68D6-433A-84A8-74170FA91BB6} = {2A65C4E2-048F-CD86-5BC8-07E0389C9905}
		{CAA3AE84-7D65-40DB-A342-84DE43B65490} = {827E0CD3-B72D-47B6-A68D-7590B98EB39B}
		{7262DC7F-FF67-469F-8F25-BE708540DEB4} = {827E0CD3-B72D-47B6-A68D-7590B98EB39B}
		{970F7C07-AC94-47BA-8070-914BEB0C9CFA} = {827E0CD3-B72D-47B6-A68D-7590B98EB39B}
		{C9DEFB7C-ABAF-4B8B-9B2D-86D19B56A830} = {0AB3BF05-4346-4AA6-1389-037BE0695223}
		{965197EC-28C3-421E-8E8F-5F8E4FEE9332} = {0AB3BF05-4346-4AA6-1389-037BE0695223}
	EndGlobalSection
EndGlobal
